// !$*UTF8*$!
{
	archiveVersion = 1;
	classes = {
	};
	objectVersion = 46;
	objects = {

/* Begin PBXBuildFile section */
		8692EA191BD4D07000A60217 /* main.m in Sources */ = {isa = PBXBuildFile; fileRef = 8692EA181BD4D07000A60217 /* main.m */; };
		8692EA1C1BD4D07000A60217 /* AppDelegate.m in Sources */ = {isa = PBXBuildFile; fileRef = 8692EA1B1BD4D07000A60217 /* AppDelegate.m */; };
		8692EA1F1BD4D07000A60217 /* ViewController.m in Sources */ = {isa = PBXBuildFile; fileRef = 8692EA1E1BD4D07000A60217 /* ViewController.m */; };
		8692EA221BD4D07000A60217 /* Main.storyboard in Resources */ = {isa = PBXBuildFile; fileRef = 8692EA201BD4D07000A60217 /* Main.storyboard */; };
		8692EA241BD4D07000A60217 /* Assets.xcassets in Resources */ = {isa = PBXBuildFile; fileRef = 8692EA231BD4D07000A60217 /* Assets.xcassets */; };
		8692EA271BD4D07000A60217 /* LaunchScreen.storyboard in Resources */ = {isa = PBXBuildFile; fileRef = 8692EA251BD4D07000A60217 /* LaunchScreen.storyboard */; };
		8692EA321BD4D07000A60217 /* USerTableView____Tests.m in Sources */ = {isa = PBXBuildFile; fileRef = 8692EA311BD4D07000A60217 /* USerTableView____Tests.m */; };
		8692EA3D1BD4D07000A60217 /* USerTableView____UITests.m in Sources */ = {isa = PBXBuildFile; fileRef = 8692EA3C1BD4D07000A60217 /* USerTableView____UITests.m */; };
/* End PBXBuildFile section */

/* Begin PBXContainerItemProxy section */
		8692EA2E1BD4D07000A60217 /* PBXContainerItemProxy */ = {
			isa = PBXContainerItemProxy;
			containerPortal = 8692EA0C1BD4D07000A60217 /* Project object */;
			proxyType = 1;
			remoteGlobalIDString = 8692EA131BD4D07000A60217;
			remoteInfo = USerTableView....;
		};
		8692EA391BD4D07000A60217 /* PBXContainerItemProxy */ = {
			isa = PBXContainerItemProxy;
			containerPortal = 8692EA0C1BD4D07000A60217 /* Project object */;
			proxyType = 1;
			remoteGlobalIDString = 8692EA131BD4D07000A60217;
			remoteInfo = USerTableView....;
		};
/* End PBXContainerItemProxy section */

/* Begin PBXFileReference section */
		8692EA141BD4D07000A60217 /* USerTableView.....app */ = {isa = PBXFileReference; explicitFileType = wrapper.application; includeInIndex = 0; path = USerTableView.....app; sourceTree = BUILT_PRODUCTS_DIR; };
		8692EA181BD4D07000A60217 /* main.m */ = {isa = PBXFileReference; lastKnownFileType = sourcecode.c.objc; path = main.m; sourceTree = "<group>"; };
		8692EA1A1BD4D07000A60217 /* AppDelegate.h */ = {isa = PBXFileReference; lastKnownFileType = sourcecode.c.h; path = AppDelegate.h; sourceTree = "<group>"; };
		8692EA1B1BD4D07000A60217 /* AppDelegate.m */ = {isa = PBXFileReference; lastKnownFileType = sourcecode.c.objc; path = AppDelegate.m; sourceTree = "<group>"; };
		8692EA1D1BD4D07000A60217 /* ViewController.h */ = {isa = PBXFileReference; lastKnownFileType = sourcecode.c.h; path = ViewController.h; sourceTree = "<group>"; };
		8692EA1E1BD4D07000A60217 /* ViewController.m */ = {isa = PBXFileReference; lastKnownFileType = sourcecode.c.objc; path = ViewController.m; sourceTree = "<group>"; };
		8692EA211BD4D07000A60217 /* Base */ = {isa = PBXFileReference; lastKnownFileType = file.storyboard; name = Base; path = Base.lproj/Main.storyboard; sourceTree = "<group>"; };
		8692EA231BD4D07000A60217 /* Assets.xcassets */ = {isa = PBXFileReference; lastKnownFileType = folder.assetcatalog; path = Assets.xcassets; sourceTree = "<group>"; };
		8692EA261BD4D07000A60217 /* Base */ = {isa = PBXFileReference; lastKnownFileType = file.storyboard; name = Base; path = Base.lproj/LaunchScreen.storyboard; sourceTree = "<group>"; };
		8692EA281BD4D07000A60217 /* Info.plist */ = {isa = PBXFileReference; lastKnownFileType = text.plist.xml; path = Info.plist; sourceTree = "<group>"; };
		8692EA2D1BD4D07000A60217 /* USerTableView....Tests.xctest */ = {isa = PBXFileReference; explicitFileType = wrapper.cfbundle; includeInIndex = 0; path = USerTableView....Tests.xctest; sourceTree = BUILT_PRODUCTS_DIR; };
		8692EA311BD4D07000A60217 /* USerTableView____Tests.m */ = {isa = PBXFileReference; lastKnownFileType = sourcecode.c.objc; path = "USerTableView____Tests.m"; sourceTree = "<group>"; };
		8692EA331BD4D07000A60217 /* Info.plist */ = {isa = PBXFileReference; lastKnownFileType = text.plist.xml; path = Info.plist; sourceTree = "<group>"; };
		8692EA381BD4D07000A60217 /* USerTableView....UITests.xctest */ = {isa = PBXFileReference; explicitFileType = wrapper.cfbundle; includeInIndex = 0; path = USerTableView....UITests.xctest; sourceTree = BUILT_PRODUCTS_DIR; };
		8692EA3C1BD4D07000A60217 /* USerTableView____UITests.m */ = {isa = PBXFileReference; lastKnownFileType = sourcecode.c.objc; path = "USerTableView____UITests.m"; sourceTree = "<group>"; };
		8692EA3E1BD4D07000A60217 /* Info.plist */ = {isa = PBXFileReference; lastKnownFileType = text.plist.xml; path = Info.plist; sourceTree = "<group>"; };
/* End PBXFileReference section */

/* Begin PBXFrameworksBuildPhase section */
		8692EA111BD4D07000A60217 /* Frameworks */ = {
			isa = PBXFrameworksBuildPhase;
			buildActionMask = 2147483647;
			files = (
			);
			runOnlyForDeploymentPostprocessing = 0;
		};
		8692EA2A1BD4D07000A60217 /* Frameworks */ = {
			isa = PBXFrameworksBuildPhase;
			buildActionMask = 2147483647;
			files = (
			);
			runOnlyForDeploymentPostprocessing = 0;
		};
		8692EA351BD4D07000A60217 /* Frameworks */ = {
			isa = PBXFrameworksBuildPhase;
			buildActionMask = 2147483647;
			files = (
			);
			runOnlyForDeploymentPostprocessing = 0;
		};
/* End PBXFrameworksBuildPhase section */

/* Begin PBXGroup section */
		8692EA0B1BD4D07000A60217 = {
			isa = PBXGroup;
			children = (
				8692EA161BD4D07000A60217 /* USerTableView.... */,
				8692EA301BD4D07000A60217 /* USerTableView....Tests */,
				8692EA3B1BD4D07000A60217 /* USerTableView....UITests */,
				8692EA151BD4D07000A60217 /* Products */,
			);
			sourceTree = "<group>";
		};
		8692EA151BD4D07000A60217 /* Products */ = {
			isa = PBXGroup;
			children = (
				8692EA141BD4D07000A60217 /* USerTableView.....app */,
				8692EA2D1BD4D07000A60217 /* USerTableView....Tests.xctest */,
				8692EA381BD4D07000A60217 /* USerTableView....UITests.xctest */,
			);
			name = Products;
			sourceTree = "<group>";
		};
		8692EA161BD4D07000A60217 /* USerTableView.... */ = {
			isa = PBXGroup;
			children = (
				8692EA1A1BD4D07000A60217 /* AppDelegate.h */,
				8692EA1B1BD4D07000A60217 /* AppDelegate.m */,
				8692EA1D1BD4D07000A60217 /* ViewController.h */,
				8692EA1E1BD4D07000A60217 /* ViewController.m */,
				8692EA201BD4D07000A60217 /* Main.storyboard */,
				8692EA231BD4D07000A60217 /* Assets.xcassets */,
				8692EA251BD4D07000A60217 /* LaunchScreen.storyboard */,
				8692EA281BD4D07000A60217 /* Info.plist */,
				8692EA171BD4D07000A60217 /* Supporting Files */,
			);
			path = USerTableView....;
			sourceTree = "<group>";
		};
		8692EA171BD4D07000A60217 /* Supporting Files */ = {
			isa = PBXGroup;
			children = (
				8692EA181BD4D07000A60217 /* main.m */,
			);
			name = "Supporting Files";
			sourceTree = "<group>";
		};
		8692EA301BD4D07000A60217 /* USerTableView....Tests */ = {
			isa = PBXGroup;
			children = (
				8692EA311BD4D07000A60217 /* USerTableView____Tests.m */,
				8692EA331BD4D07000A60217 /* Info.plist */,
			);
			path = USerTableView....Tests;
			sourceTree = "<group>";
		};
		8692EA3B1BD4D07000A60217 /* USerTableView....UITests */ = {
			isa = PBXGroup;
			children = (
				8692EA3C1BD4D07000A60217 /* USerTableView____UITests.m */,
				8692EA3E1BD4D07000A60217 /* Info.plist */,
			);
			path = USerTableView....UITests;
			sourceTree = "<group>";
		};
/* End PBXGroup section */

/* Begin PBXNativeTarget section */
		8692EA131BD4D07000A60217 /* USerTableView.... */ = {
			isa = PBXNativeTarget;
			buildConfigurationList = 8692EA411BD4D07000A60217 /* Build configuration list for PBXNativeTarget "USerTableView...." */;
			buildPhases = (
				8692EA101BD4D07000A60217 /* Sources */,
				8692EA111BD4D07000A60217 /* Frameworks */,
				8692EA121BD4D07000A60217 /* Resources */,
			);
			buildRules = (
			);
			dependencies = (
			);
			name = USerTableView....;
			productName = USerTableView....;
			productReference = 8692EA141BD4D07000A60217 /* USerTableView.....app */;
			productType = "com.apple.product-type.application";
		};
		8692EA2C1BD4D07000A60217 /* USerTableView....Tests */ = {
			isa = PBXNativeTarget;
			buildConfigurationList = 8692EA441BD4D07000A60217 /* Build configuration list for PBXNativeTarget "USerTableView....Tests" */;
			buildPhases = (
				8692EA291BD4D07000A60217 /* Sources */,
				8692EA2A1BD4D07000A60217 /* Frameworks */,
				8692EA2B1BD4D07000A60217 /* Resources */,
			);
			buildRules = (
			);
			dependencies = (
				8692EA2F1BD4D07000A60217 /* PBXTargetDependency */,
			);
			name = USerTableView....Tests;
			productName = USerTableView....Tests;
			productReference = 8692EA2D1BD4D07000A60217 /* USerTableView....Tests.xctest */;
			productType = "com.apple.product-type.bundle.unit-test";
		};
		8692EA371BD4D07000A60217 /* USerTableView....UITests */ = {
			isa = PBXNativeTarget;
			buildConfigurationList = 8692EA471BD4D07000A60217 /* Build configuration list for PBXNativeTarget "USerTableView....UITests" */;
			buildPhases = (
				8692EA341BD4D07000A60217 /* Sources */,
				8692EA351BD4D07000A60217 /* Frameworks */,
				8692EA361BD4D07000A60217 /* Resources */,
			);
			buildRules = (
			);
			dependencies = (
				8692EA3A1BD4D07000A60217 /* PBXTargetDependency */,
			);
			name = USerTableView....UITests;
			productName = USerTableView....UITests;
			productReference = 8692EA381BD4D07000A60217 /* USerTableView....UITests.xctest */;
			productType = "com.apple.product-type.bundle.ui-testing";
		};
/* End PBXNativeTarget section */

/* Begin PBXProject section */
		8692EA0C1BD4D07000A60217 /* Project object */ = {
			isa = PBXProject;
			attributes = {
				LastUpgradeCheck = 0700;
				ORGANIZATIONNAME = echo;
				TargetAttributes = {
					8692EA131BD4D07000A60217 = {
						CreatedOnToolsVersion = 7.0.1;
					};
					8692EA2C1BD4D07000A60217 = {
						CreatedOnToolsVersion = 7.0.1;
						TestTargetID = 8692EA131BD4D07000A60217;
					};
					8692EA371BD4D07000A60217 = {
						CreatedOnToolsVersion = 7.0.1;
						TestTargetID = 8692EA131BD4D07000A60217;
					};
				};
			};
			buildConfigurationList = 8692EA0F1BD4D07000A60217 /* Build configuration list for PBXProject "USerTableView...." */;
			compatibilityVersion = "Xcode 3.2";
			developmentRegion = English;
			hasScannedForEncodings = 0;
			knownRegions = (
				en,
				Base,
			);
			mainGroup = 8692EA0B1BD4D07000A60217;
			productRefGroup = 8692EA151BD4D07000A60217 /* Products */;
			projectDirPath = "";
			projectRoot = "";
			targets = (
				8692EA131BD4D07000A60217 /* USerTableView.... */,
				8692EA2C1BD4D07000A60217 /* USerTableView....Tests */,
				8692EA371BD4D07000A60217 /* USerTableView....UITests */,
			);
		};
/* End PBXProject section */

/* Begin PBXResourcesBuildPhase section */
		8692EA121BD4D07000A60217 /* Resources */ = {
			isa = PBXResourcesBuildPhase;
			buildActionMask = 2147483647;
			files = (
				8692EA271BD4D07000A60217 /* LaunchScreen.storyboard in Resources */,
				8692EA241BD4D07000A60217 /* Assets.xcassets in Resources */,
				8692EA221BD4D07000A60217 /* Main.storyboard in Resources */,
			);
			runOnlyForDeploymentPostprocessing = 0;
		};
		8692EA2B1BD4D07000A60217 /* Resources */ = {
			isa = PBXResourcesBuildPhase;
			buildActionMask = 2147483647;
			files = (
			);
			runOnlyForDeploymentPostprocessing = 0;
		};
		8692EA361BD4D07000A60217 /* Resources */ = {
			isa = PBXResourcesBuildPhase;
			buildActionMask = 2147483647;
			files = (
			);
			runOnlyForDeploymentPostprocessing = 0;
		};
/* End PBXResourcesBuildPhase section */

/* Begin PBXSourcesBuildPhase section */
		8692EA101BD4D07000A60217 /* Sources */ = {
			isa = PBXSourcesBuildPhase;
			buildActionMask = 2147483647;
			files = (
				8692EA1F1BD4D07000A60217 /* ViewController.m in Sources */,
				8692EA1C1BD4D07000A60217 /* AppDelegate.m in Sources */,
				8692EA191BD4D07000A60217 /* main.m in Sources */,
			);
			runOnlyForDeploymentPostprocessing = 0;
		};
		8692EA291BD4D07000A60217 /* Sources */ = {
			isa = PBXSourcesBuildPhase;
			buildActionMask = 2147483647;
			files = (
				8692EA321BD4D07000A60217 /* USerTableView____Tests.m in Sources */,
			);
			runOnlyForDeploymentPostprocessing = 0;
		};
		8692EA341BD4D07000A60217 /* Sources */ = {
			isa = PBXSourcesBuildPhase;
			buildActionMask = 2147483647;
			files = (
				8692EA3D1BD4D07000A60217 /* USerTableView____UITests.m in Sources */,
			);
			runOnlyForDeploymentPostprocessing = 0;
		};
/* End PBXSourcesBuildPhase section */

/* Begin PBXTargetDependency section */
		8692EA2F1BD4D07000A60217 /* PBXTargetDependency */ = {
			isa = PBXTargetDependency;
			target = 8692EA131BD4D07000A60217 /* USerTableView.... */;
			targetProxy = 8692EA2E1BD4D07000A60217 /* PBXContainerItemProxy */;
		};
		8692EA3A1BD4D07000A60217 /* PBXTargetDependency */ = {
			isa = PBXTargetDependency;
			target = 8692EA131BD4D07000A60217 /* USerTableView.... */;
			targetProxy = 8692EA391BD4D07000A60217 /* PBXContainerItemProxy */;
		};
/* End PBXTargetDependency section */

/* Begin PBXVariantGroup section */
		8692EA201BD4D07000A60217 /* Main.storyboard */ = {
			isa = PBXVariantGroup;
			children = (
				8692EA211BD4D07000A60217 /* Base */,
			);
			name = Main.storyboard;
			sourceTree = "<group>";
		};
		8692EA251BD4D07000A60217 /* LaunchScreen.storyboard */ = {
			isa = PBXVariantGroup;
			children = (
				8692EA261BD4D07000A60217 /* Base */,
			);
			name = LaunchScreen.storyboard;
			sourceTree = "<group>";
		};
/* End PBXVariantGroup section */

/* Begin XCBuildConfiguration section */
		8692EA3F1BD4D07000A60217 /* Debug */ = {
			isa = XCBuildConfiguration;
			buildSettings = {
				ALWAYS_SEARCH_USER_PATHS = NO;
				CLANG_CXX_LANGUAGE_STANDARD = "gnu++0x";
				CLANG_CXX_LIBRARY = "libc++";
				CLANG_ENABLE_MODULES = YES;
				CLANG_ENABLE_OBJC_ARC = YES;
				CLANG_WARN_BOOL_CONVERSION = YES;
				CLANG_WARN_CONSTANT_CONVERSION = YES;
				CLANG_WARN_DIRECT_OBJC_ISA_USAGE = YES_ERROR;
				CLANG_WARN_EMPTY_BODY = YES;
				CLANG_WARN_ENUM_CONVERSION = YES;
				CLANG_WARN_INT_CONVERSION = YES;
				CLANG_WARN_OBJC_ROOT_CLASS = YES_ERROR;
				CLANG_WARN_UNREACHABLE_CODE = YES;
				CLANG_WARN__DUPLICATE_METHOD_MATCH = YES;
				"CODE_SIGN_IDENTITY[sdk=iphoneos*]" = "iPhone Developer";
				COPY_PHASE_STRIP = NO;
				DEBUG_INFORMATION_FORMAT = dwarf;
				ENABLE_STRICT_OBJC_MSGSEND = YES;
				ENABLE_TESTABILITY = YES;
				GCC_C_LANGUAGE_STANDARD = gnu99;
				GCC_DYNAMIC_NO_PIC = NO;
				GCC_NO_COMMON_BLOCKS = YES;
				GCC_OPTIMIZATION_LEVEL = 0;
				GCC_PREPROCESSOR_DEFINITIONS = (
					"DEBUG=1",
					"$(inherited)",
				);
				GCC_WARN_64_TO_32_BIT_CONVERSION = YES;
				GCC_WARN_ABOUT_RETURN_TYPE = YES_ERROR;
				GCC_WARN_UNDECLARED_SELECTOR = YES;
				GCC_WARN_UNINITIALIZED_AUTOS = YES_AGGRESSIVE;
				GCC_WARN_UNUSED_FUNCTION = YES;
				GCC_WARN_UNUSED_VARIABLE = YES;
				IPHONEOS_DEPLOYMENT_TARGET = 9.0;
				MTL_ENABLE_DEBUG_INFO = YES;
				ONLY_ACTIVE_ARCH = YES;
				SDKROOT = iphoneos;
				TARGETED_DEVICE_FAMILY = "1,2";
			};
			name = Debug;
		};
		8692EA401BD4D07000A60217 /* Release */ = {
			isa = XCBuildConfiguration;
			buildSettings = {
				ALWAYS_SEARCH_USER_PATHS = NO;
				CLANG_CXX_LANGUAGE_STANDARD = "gnu++0x";
				CLANG_CXX_LIBRARY = "libc++";
				CLANG_ENABLE_MODULES = YES;
				CLANG_ENABLE_OBJC_ARC = YES;
				CLANG_WARN_BOOL_CONVERSION = YES;
				CLANG_WARN_CONSTANT_CONVERSION = YES;
				CLANG_WARN_DIRECT_OBJC_ISA_USAGE = YES_ERROR;
				CLANG_WARN_EMPTY_BODY = YES;
				CLANG_WARN_ENUM_CONVERSION = YES;
				CLANG_WARN_INT_CONVERSION = YES;
				CLANG_WARN_OBJC_ROOT_CLASS = YES_ERROR;
				CLANG_WARN_UNREACHABLE_CODE = YES;
				CLANG_WARN__DUPLICATE_METHOD_MATCH = YES;
				"CODE_SIGN_IDENTITY[sdk=iphoneos*]" = "iPhone Developer";
				COPY_PHASE_STRIP = NO;
				DEBUG_INFORMATION_FORMAT = "dwarf-with-dsym";
				ENABLE_NS_ASSERTIONS = NO;
				ENABLE_STRICT_OBJC_MSGSEND = YES;
				GCC_C_LANGUAGE_STANDARD = gnu99;
				GCC_NO_COMMON_BLOCKS = YES;
				GCC_WARN_64_TO_32_BIT_CONVERSION = YES;
				GCC_WARN_ABOUT_RETURN_TYPE = YES_ERROR;
				GCC_WARN_UNDECLARED_SELECTOR = YES;
				GCC_WARN_UNINITIALIZED_AUTOS = YES_AGGRESSIVE;
				GCC_WARN_UNUSED_FUNCTION = YES;
				GCC_WARN_UNUSED_VARIABLE = YES;
				IPHONEOS_DEPLOYMENT_TARGET = 9.0;
				MTL_ENABLE_DEBUG_INFO = NO;
				SDKROOT = iphoneos;
				TARGETED_DEVICE_FAMILY = "1,2";
				VALIDATE_PRODUCT = YES;
			};
			name = Release;
		};
		8692EA421BD4D07000A60217 /* Debug */ = {
			isa = XCBuildConfiguration;
			buildSettings = {
				ASSETCATALOG_COMPILER_APPICON_NAME = AppIcon;
				INFOPLIST_FILE = USerTableView..../Info.plist;
				LD_RUNPATH_SEARCH_PATHS = "$(inherited) @executable_path/Frameworks";
				PRODUCT_BUNDLE_IDENTIFIER = "com.echo.USerTableView----";
				PRODUCT_NAME = "$(TARGET_NAME)";
			};
			name = Debug;
		};
		8692EA431BD4D07000A60217 /* Release */ = {
			isa = XCBuildConfiguration;
			buildSettings = {
				ASSETCATALOG_COMPILER_APPICON_NAME = AppIcon;
				INFOPLIST_FILE = USerTableView..../Info.plist;
				LD_RUNPATH_SEARCH_PATHS = "$(inherited) @executable_path/Frameworks";
				PRODUCT_BUNDLE_IDENTIFIER = "com.echo.USerTableView----";
				PRODUCT_NAME = "$(TARGET_NAME)";
			};
			name = Release;
		};
		8692EA451BD4D07000A60217 /* Debug */ = {
			isa = XCBuildConfiguration;
			buildSettings = {
				BUNDLE_LOADER = "$(TEST_HOST)";
				INFOPLIST_FILE = USerTableView....Tests/Info.plist;
				LD_RUNPATH_SEARCH_PATHS = "$(inherited) @executable_path/Frameworks @loader_path/Frameworks";
				PRODUCT_BUNDLE_IDENTIFIER = "com.echo.USerTableView----Tests";
				PRODUCT_NAME = "$(TARGET_NAME)";
				TEST_HOST = "$(BUILT_PRODUCTS_DIR)/USerTableView.....app/USerTableView....";
			};
			name = Debug;
		};
		8692EA461BD4D07000A60217 /* Release */ = {
			isa = XCBuildConfiguration;
			buildSettings = {
				BUNDLE_LOADER = "$(TEST_HOST)";
				INFOPLIST_FILE = USerTableView....Tests/Info.plist;
				LD_RUNPATH_SEARCH_PATHS = "$(inherited) @executable_path/Frameworks @loader_path/Frameworks";
				PRODUCT_BUNDLE_IDENTIFIER = "com.echo.USerTableView----Tests";
				PRODUCT_NAME = "$(TARGET_NAME)";
				TEST_HOST = "$(BUILT_PRODUCTS_DIR)/USerTableView.....app/USerTableView....";
			};
			name = Release;
		};
		8692EA481BD4D07000A60217 /* Debug */ = {
			isa = XCBuildConfiguration;
			buildSettings = {
				INFOPLIST_FILE = USerTableView....UITests/Info.plist;
				LD_RUNPATH_SEARCH_PATHS = "$(inherited) @executable_path/Frameworks @loader_path/Frameworks";
				PRODUCT_BUNDLE_IDENTIFIER = "com.echo.USerTableView----UITests";
				PRODUCT_NAME = "$(TARGET_NAME)";
				TEST_TARGET_NAME = USerTableView....;
				USES_XCTRUNNER = YES;
			};
			name = Debug;
		};
		8692EA491BD4D07000A60217 /* Release */ = {
			isa = XCBuildConfiguration;
			buildSettings = {
				INFOPLIST_FILE = USerTableView....UITests/Info.plist;
				LD_RUNPATH_SEARCH_PATHS = "$(inherited) @executable_path/Frameworks @loader_path/Frameworks";
				PRODUCT_BUNDLE_IDENTIFIER = "com.echo.USerTableView----UITests";
				PRODUCT_NAME = "$(TARGET_NAME)";
				TEST_TARGET_NAME = USerTableView....;
				USES_XCTRUNNER = YES;
			};
			name = Release;
		};
/* End XCBuildConfiguration section */

/* Begin XCConfigurationList section */
		8692EA0F1BD4D07000A60217 /* Build configuration list for PBXProject "USerTableView...." */ = {
			isa = XCConfigurationList;
			buildConfigurations = (
				8692EA3F1BD4D07000A60217 /* Debug */,
				8692EA401BD4D07000A60217 /* Release */,
			);
			defaultConfigurationIsVisible = 0;
			defaultConfigurationName = Release;
		};
		8692EA411BD4D07000A60217 /* Build configuration list for PBXNativeTarget "USerTableView...." */ = {
			isa = XCConfigurationList;
			buildConfigurations = (
				8692EA421BD4D07000A60217 /* Debug */,
				8692EA431BD4D07000A60217 /* Release */,
			);
			defaultConfigurationIsVisible = 0;
		};
		8692EA441BD4D07000A60217 /* Build configuration list for PBXNativeTarget "USerTableView....Tests" */ = {
			isa = XCConfigurationList;
			buildConfigurations = (
				8692EA451BD4D07000A60217 /* Debug */,
				8692EA461BD4D07000A60217 /* Release */,
			);
			defaultConfigurationIsVisible = 0;
		};
		8692EA471BD4D07000A60217 /* Build configuration list for PBXNativeTarget "USerTableView....UITests" */ = {
			isa = XCConfigurationList;
			buildConfigurations = (
				8692EA481BD4D07000A60217 /* Debug */,
				8692EA491BD4D07000A60217 /* Release */,
			);
			defaultConfigurationIsVisible = 0;
		};
/* End XCConfigurationList section */
	};
	rootObject = 8692EA0C1BD4D07000A60217 /* Project object */;
}
